# This file is automatically @generated by Poetry 1.8.5 and should not be changed by hand.

[[package]]
name = "pynose"
version = "1.5.3"
description = "pynose fixes nose to extend unittest and make testing easier"
optional = false
python-versions = ">=3.7"
files = [
    {file = "pynose-1.5.3-py3-none-any.whl", hash = "sha256:f50091f3b11524a0c8a328b3075333af8317cc7a15378494789d88d5cf53fe11"},
    {file = "pynose-1.5.3.tar.gz", hash = "sha256:1b00ab94447cd7fcbb0a344fc1435137404c043db4a8e3cda63ca2893f8e5903"},
]

[metadata]
lock-version = "2.0"
python-versions = "^3.13"
content-hash = "77a7db8dafaef3b99f2695215fa37ddea9d68e73c0ee907dd1ed3b591e3532e9"
